
Microsoft Visual Studio Solution File, Format Version 12.00
# Visual Studio Version 17
VisualStudioVersion = 17.9.34728.123
MinimumVisualStudioVersion = 10.0.40219.1
Project("{FAE04EC0-301F-11D3-BF4B-00C04F79EFBC}") = "ChatApp", "ChatApp\ChatApp.csproj", "{81433E23-30FF-4E43-8432-4585828BCFF9}"
EndProject
Project("{FAE04EC0-301F-11D3-BF4B-00C04F79EFBC}") = "ChatApp.Data", "ChatApp.Data\ChatApp.Data.csproj", "{D375E260-0D63-4A15-8CAF-2A9FAADFD11A}"
EndProject
Project("{FAE04EC0-301F-11D3-BF4B-00C04F79EFBC}") = "ChatApp.Services", "ChatApp.Services\ChatApp.Services.csproj", "{838336B5-AE7E-4390-A9F6-35576F1F60D4}"
EndProject
Global
	GlobalSection(SolutionConfigurationPlatforms) = preSolution
		Debug|Any CPU = Debug|Any CPU
		Release|Any CPU = Release|Any CPU
	EndGlobalSection
	GlobalSection(ProjectConfigurationPlatforms) = postSolution
		{81433E23-30FF-4E43-8432-4585828BCFF9}.Debug|Any CPU.ActiveCfg = Debug|Any CPU
		{81433E23-30FF-4E43-8432-4585828BCFF9}.Debug|Any CPU.Build.0 = Debug|Any CPU
		{81433E23-30FF-4E43-8432-4585828BCFF9}.Release|Any CPU.ActiveCfg = Release|Any CPU
		{81433E23-30FF-4E43-8432-4585828BCFF9}.Release|Any CPU.Build.0 = Release|Any CPU
		{D375E260-0D63-4A15-8CAF-2A9FAADFD11A}.Debug|Any CPU.ActiveCfg = Debug|Any CPU
		{D375E260-0D63-4A15-8CAF-2A9FAADFD11A}.Debug|Any CPU.Build.0 = Debug|Any CPU
		{D375E260-0D63-4A15-8CAF-2A9FAADFD11A}.Release|Any CPU.ActiveCfg = Release|Any CPU
		{D375E260-0D63-4A15-8CAF-2A9FAADFD11A}.Release|Any CPU.Build.0 = Release|Any CPU
		{838336B5-AE7E-4390-A9F6-35576F1F60D4}.Debug|Any CPU.ActiveCfg = Debug|Any CPU
		{838336B5-AE7E-4390-A9F6-35576F1F60D4}.Debug|Any CPU.Build.0 = Debug|Any CPU
		{838336B5-AE7E-4390-A9F6-35576F1F60D4}.Release|Any CPU.ActiveCfg = Release|Any CPU
		{838336B5-AE7E-4390-A9F6-35576F1F60D4}.Release|Any CPU.Build.0 = Release|Any CPU
	EndGlobalSection
	GlobalSection(SolutionProperties) = preSolution
		HideSolutionNode = FALSE
	EndGlobalSection
	GlobalSection(ExtensibilityGlobals) = postSolution
		SolutionGuid = {0236084D-61CA-4102-9EA0-2EA0FCBC0E5C}
	EndGlobalSection
EndGlobal
